
Microsoft Visual Studio Solution File, Format Version 12.00
# Visual Studio Version 17
VisualStudioVersion = 17.2.32630.192
MinimumVisualStudioVersion = 10.0.40219.1
Project("{FAE04EC0-301F-11D3-BF4B-00C04F79EFBC}") = "MusGen", "MusGen.csproj", "{DB5E55D4-5C58-4EBF-9218-7A7666DF37FF}"
EndProject
Global
	GlobalSection(SolutionConfigurationPlatforms) = preSolution
		Debug|Any CPU = Debug|Any CPU
		Release|Any CPU = Release|Any CPU
	EndGlobalSection
	GlobalSection(ProjectConfigurationPlatforms) = postSolution
		{DB5E55D4-5C58-4EBF-9218-7A7666DF37FF}.Debug|Any CPU.ActiveCfg = Debug|Any CPU
		{DB5E55D4-5C58-4EBF-9218-7A7666DF37FF}.Debug|Any CPU.Build.0 = Debug|Any CPU
		{DB5E55D4-5C58-4EBF-9218-7A7666DF37FF}.Release|Any CPU.ActiveCfg = Release|Any CPU
		{DB5E55D4-5C58-4EBF-9218-7A7666DF37FF}.Release|Any CPU.Build.0 = Release|Any CPU
	EndGlobalSection
	GlobalSection(SolutionProperties) = preSolution
		HideSolutionNode = FALSE
	EndGlobalSection
	GlobalSection(ExtensibilityGlobals) = postSolution
		SolutionGuid = {6DE4D9DC-A9EF-40B0-80D4-EF62643E7353}
	EndGlobalSection
EndGlobal
